schema: '2.0'
stages:
  data_validation:
    cmd: python src/pipeline/stage_01_data_validation.py
    deps:
    - path: artifacts/data_ingestion
      hash: md5
      md5: f609b7752dd11bf5210bff4377aabfc1.dir
      size: 3146444
      nfiles: 1
    - path: config/config.yaml
      hash: md5
      md5: 7216e887d52773f20f7a4521b8546194
      size: 1747
    - path: src/pipeline/stage_01_data_validation.py
      hash: md5
      md5: c56e166e2f971d48ad15e78d66405bfc
      size: 904
    outs:
    - path: artifacts/data_validation
      hash: md5
      md5: 0ccb3ea5849272ff03be5ab71786b9ff.dir
      size: 23
      nfiles: 1
  data_transformation:
    cmd: python src/pipeline/stage_02_data_transformation.py
    deps:
    - path: artifacts/data_validation
      hash: md5
      md5: 0ccb3ea5849272ff03be5ab71786b9ff.dir
      size: 23
      nfiles: 1
    - path: config/config.yaml
      hash: md5
      md5: 7216e887d52773f20f7a4521b8546194
      size: 1747
    - path: src/pipeline/stage_02_data_transformation.py
      hash: md5
      md5: a3633c52dcc09620979fc0880749b13c
      size: 1001
    params:
      params.yaml:
        split.random_state: 47
        split.split_ratio: 0.2
    outs:
    - path: artifacts/data_transformation
      hash: md5
      md5: 12e474c20c8f291734613aab1b77a570.dir
      size: 21788483
      nfiles: 7
  model_training:
    cmd: python src/pipeline/stage_03_model_training.py
    deps:
    - path: artifacts/data_transformation
      hash: md5
      md5: 12e474c20c8f291734613aab1b77a570.dir
      size: 21788483
      nfiles: 7
    - path: config/config.yaml
      hash: md5
      md5: 7216e887d52773f20f7a4521b8546194
      size: 1747
    - path: src/pipeline/stage_03_model_training.py
      hash: md5
      md5: 1aa76cbcc3c16f65d5ed3bf17c9e43c0
      size: 872
    params:
      params.yaml:
        RandomForestClassifier.max_depth: 8
        RandomForestClassifier.max_leaf_nodes: 9
        RandomForestClassifier.n_estimators: 1000
        split.random_state: 47
    outs:
    - path: artifacts/model_training/br_model.joblib
      hash: md5
      md5: 06ef8f28e48da10c9eb86797e4bf8441
      size: 1761993
  model_evaluation:
    cmd: python src/pipeline/stage_04_model_evaluation.py
    deps:
    - path: artifacts/data_transformation
      hash: md5
      md5: 12e474c20c8f291734613aab1b77a570.dir
      size: 21788483
      nfiles: 7
    - path: artifacts/model_training/br_model.joblib
      hash: md5
      md5: 06ef8f28e48da10c9eb86797e4bf8441
      size: 1761993
    - path: config/config.yaml
      hash: md5
      md5: 7216e887d52773f20f7a4521b8546194
      size: 1747
    - path: src/pipeline/stage_04_model_evaluation.py
      hash: md5
      md5: bfeb4b7fd062fa3a6d88fa16f3fc3220
      size: 1803
    outs:
    - path: artifacts/model_evaluation/importance.png
      hash: md5
      md5: ff5123892c0e57265b4d53edc213d493
      size: 18878
    - path: artifacts/model_evaluation/live/metrics.json
      hash: md5
      md5: 64ee1253320dce70f387629c5e7b3907
      size: 206
    - path: artifacts/model_evaluation/live/plots
      hash: md5
      md5: 2cec6028bbb8b2dc8dd31b3ea9783d89.dir
      size: 6794827
      nfiles: 4
